// !$*UTF8*$!
{
	archiveVersion = 1;
	classes = {
	};
	objectVersion = 50;
	objects = {

/* Begin PBXBuildFile section */
		E016D6F726D83002001477CA /* StyleGuide.swift in Sources */ = {isa = PBXBuildFile; fileRef = E016D6F626D83002001477CA /* StyleGuide.swift */; };
		E016D70126D84463001477CA /* CalculatorTextFields.swift in Sources */ = {isa = PBXBuildFile; fileRef = E016D70026D84463001477CA /* CalculatorTextFields.swift */; };
		E016D70326D84748001477CA /* CalculatorLabels.swift in Sources */ = {isa = PBXBuildFile; fileRef = E016D70226D84748001477CA /* CalculatorLabels.swift */; };
		E016D70526D84A43001477CA /* CalculatorButtons.swift in Sources */ = {isa = PBXBuildFile; fileRef = E016D70426D84A43001477CA /* CalculatorButtons.swift */; };
		E016D70726D84BEE001477CA /* CalculatorColorViews.swift in Sources */ = {isa = PBXBuildFile; fileRef = E016D70626D84BEE001477CA /* CalculatorColorViews.swift */; };
		E016D70926D84CDC001477CA /* CalculatorSegmentedControl.swift in Sources */ = {isa = PBXBuildFile; fileRef = E016D70826D84CDC001477CA /* CalculatorSegmentedControl.swift */; };
		E016D71126D859C7001477CA /* Poppins-Bold.ttf in Resources */ = {isa = PBXBuildFile; fileRef = E016D71026D8545E001477CA /* Poppins-Bold.ttf */; };
		E016D71226D859CF001477CA /* Poppins-Regular.ttf in Resources */ = {isa = PBXBuildFile; fileRef = E016D70F26D85456001477CA /* Poppins-Regular.ttf */; };
		E016D71326D859D7001477CA /* Poppins-SemiBold.ttf in Resources */ = {isa = PBXBuildFile; fileRef = E016D70E26D8544B001477CA /* Poppins-SemiBold.ttf */; };
		E0BDDA6726CB109C009C7ED1 /* AppDelegate.swift in Sources */ = {isa = PBXBuildFile; fileRef = E0BDDA6626CB109C009C7ED1 /* AppDelegate.swift */; };
		E0BDDA6926CB109C009C7ED1 /* SceneDelegate.swift in Sources */ = {isa = PBXBuildFile; fileRef = E0BDDA6826CB109C009C7ED1 /* SceneDelegate.swift */; };
		E0BDDA6E26CB109C009C7ED1 /* Main.storyboard in Resources */ = {isa = PBXBuildFile; fileRef = E0BDDA6C26CB109C009C7ED1 /* Main.storyboard */; };
		E0BDDA7026CB109E009C7ED1 /* Assets.xcassets in Resources */ = {isa = PBXBuildFile; fileRef = E0BDDA6F26CB109E009C7ED1 /* Assets.xcassets */; };
		E0BDDA7326CB109E009C7ED1 /* LaunchScreen.storyboard in Resources */ = {isa = PBXBuildFile; fileRef = E0BDDA7126CB109E009C7ED1 /* LaunchScreen.storyboard */; };
		E0BDDA8426CB16AF009C7ED1 /* CalculatorViewController.swift in Sources */ = {isa = PBXBuildFile; fileRef = E0BDDA8326CB16AF009C7ED1 /* CalculatorViewController.swift */; };
		E0BDDA8826CB5B97009C7ED1 /* Calculator.swift in Sources */ = {isa = PBXBuildFile; fileRef = E0BDDA8726CB5B97009C7ED1 /* Calculator.swift */; };
/* End PBXBuildFile section */

/* Begin PBXFileReference section */
		E016D6F626D83002001477CA /* StyleGuide.swift */ = {isa = PBXFileReference; lastKnownFileType = sourcecode.swift; path = StyleGuide.swift; sourceTree = "<group>"; };
		E016D70026D84463001477CA /* CalculatorTextFields.swift */ = {isa = PBXFileReference; lastKnownFileType = sourcecode.swift; path = CalculatorTextFields.swift; sourceTree = "<group>"; };
		E016D70226D84748001477CA /* CalculatorLabels.swift */ = {isa = PBXFileReference; lastKnownFileType = sourcecode.swift; path = CalculatorLabels.swift; sourceTree = "<group>"; };
		E016D70426D84A43001477CA /* CalculatorButtons.swift */ = {isa = PBXFileReference; lastKnownFileType = sourcecode.swift; path = CalculatorButtons.swift; sourceTree = "<group>"; };
		E016D70626D84BEE001477CA /* CalculatorColorViews.swift */ = {isa = PBXFileReference; lastKnownFileType = sourcecode.swift; path = CalculatorColorViews.swift; sourceTree = "<group>"; };
		E016D70826D84CDC001477CA /* CalculatorSegmentedControl.swift */ = {isa = PBXFileReference; lastKnownFileType = sourcecode.swift; path = CalculatorSegmentedControl.swift; sourceTree = "<group>"; };
		E016D70E26D8544B001477CA /* Poppins-SemiBold.ttf */ = {isa = PBXFileReference; lastKnownFileType = file; path = "Poppins-SemiBold.ttf"; sourceTree = "<group>"; };
		E016D70F26D85456001477CA /* Poppins-Regular.ttf */ = {isa = PBXFileReference; lastKnownFileType = file; path = "Poppins-Regular.ttf"; sourceTree = "<group>"; };
		E016D71026D8545E001477CA /* Poppins-Bold.ttf */ = {isa = PBXFileReference; lastKnownFileType = file; name = "Poppins-Bold.ttf"; path = "Calculator/Resources/Fonts/Poppins-Bold.ttf"; sourceTree = SOURCE_ROOT; };
		E0BDDA6326CB109C009C7ED1 /* Calculator.app */ = {isa = PBXFileReference; explicitFileType = wrapper.application; includeInIndex = 0; path = Calculator.app; sourceTree = BUILT_PRODUCTS_DIR; };
		E0BDDA6626CB109C009C7ED1 /* AppDelegate.swift */ = {isa = PBXFileReference; lastKnownFileType = sourcecode.swift; path = AppDelegate.swift; sourceTree = "<group>"; };
		E0BDDA6826CB109C009C7ED1 /* SceneDelegate.swift */ = {isa = PBXFileReference; lastKnownFileType = sourcecode.swift; path = SceneDelegate.swift; sourceTree = "<group>"; };
		E0BDDA6D26CB109C009C7ED1 /* Base */ = {isa = PBXFileReference; lastKnownFileType = file.storyboard; name = Base; path = Base.lproj/Main.storyboard; sourceTree = "<group>"; };
		E0BDDA6F26CB109E009C7ED1 /* Assets.xcassets */ = {isa = PBXFileReference; explicitFileType = wrapper.application; path = Assets.xcassets; sourceTree = "<group>"; };
		E0BDDA7226CB109E009C7ED1 /* Base */ = {isa = PBXFileReference; lastKnownFileType = file.storyboard; name = Base; path = Base.lproj/LaunchScreen.storyboard; sourceTree = "<group>"; };
		E0BDDA7426CB109E009C7ED1 /* Info.plist */ = {isa = PBXFileReference; lastKnownFileType = text.plist.xml; path = Info.plist; sourceTree = "<group>"; };
		E0BDDA8326CB16AF009C7ED1 /* CalculatorViewController.swift */ = {isa = PBXFileReference; lastKnownFileType = sourcecode.swift; path = CalculatorViewController.swift; sourceTree = "<group>"; };
		E0BDDA8726CB5B97009C7ED1 /* Calculator.swift */ = {isa = PBXFileReference; lastKnownFileType = sourcecode.swift; path = Calculator.swift; sourceTree = "<group>"; };
/* End PBXFileReference section */

/* Begin PBXFrameworksBuildPhase section */
		E0BDDA6026CB109C009C7ED1 /* Frameworks */ = {
			isa = PBXFrameworksBuildPhase;
			buildActionMask = 2147483647;
			files = (
			);
			runOnlyForDeploymentPostprocessing = 0;
		};
/* End PBXFrameworksBuildPhase section */

/* Begin PBXGroup section */
		E016D6F526D82F85001477CA /* CustomViews */ = {
			isa = PBXGroup;
			children = (
				E016D6F626D83002001477CA /* StyleGuide.swift */,
				E016D70026D84463001477CA /* CalculatorTextFields.swift */,
				E016D70226D84748001477CA /* CalculatorLabels.swift */,
				E016D70426D84A43001477CA /* CalculatorButtons.swift */,
				E016D70626D84BEE001477CA /* CalculatorColorViews.swift */,
				E016D70826D84CDC001477CA /* CalculatorSegmentedControl.swift */,
			);
			path = CustomViews;
			sourceTree = "<group>";
		};
		E016D70D26D85422001477CA /* Fonts */ = {
			isa = PBXGroup;
			children = (
				E016D71026D8545E001477CA /* Poppins-Bold.ttf */,
				E016D70F26D85456001477CA /* Poppins-Regular.ttf */,
				E016D70E26D8544B001477CA /* Poppins-SemiBold.ttf */,
			);
			path = Fonts;
			sourceTree = "<group>";
		};
		E0BDDA5A26CB109C009C7ED1 = {
			isa = PBXGroup;
			children = (
				E0BDDA6526CB109C009C7ED1 /* Calculator */,
				E0BDDA6426CB109C009C7ED1 /* Products */,
			);
			sourceTree = "<group>";
		};
		E0BDDA6426CB109C009C7ED1 /* Products */ = {
			isa = PBXGroup;
			children = (
				E0BDDA6326CB109C009C7ED1 /* Calculator.app */,
			);
			name = Products;
			sourceTree = "<group>";
		};
		E0BDDA6526CB109C009C7ED1 /* Calculator */ = {
			isa = PBXGroup;
			children = (
				E0BDDA7E26CB10C5009C7ED1 /* Models */,
				E0BDDA7D26CB10BA009C7ED1 /* Controllers */,
				E0BDDA7C26CB10B4009C7ED1 /* Views */,
				E0BDDA7A26CB10A7009C7ED1 /* Resources */,
			);
			path = Calculator;
			sourceTree = "<group>";
		};
		E0BDDA7A26CB10A7009C7ED1 /* Resources */ = {
			isa = PBXGroup;
			children = (
				E016D70D26D85422001477CA /* Fonts */,
				E0BDDA6626CB109C009C7ED1 /* AppDelegate.swift */,
				E0BDDA6826CB109C009C7ED1 /* SceneDelegate.swift */,
				E0BDDA6F26CB109E009C7ED1 /* Assets.xcassets */,
				E0BDDA7426CB109E009C7ED1 /* Info.plist */,
			);
			path = Resources;
			sourceTree = "<group>";
		};
		E0BDDA7C26CB10B4009C7ED1 /* Views */ = {
			isa = PBXGroup;
			children = (
				E016D6F526D82F85001477CA /* CustomViews */,
				E0BDDA8126CB10D8009C7ED1 /* Storyboards */,
			);
			path = Views;
			sourceTree = "<group>";
		};
		E0BDDA7D26CB10BA009C7ED1 /* Controllers */ = {
			isa = PBXGroup;
			children = (
				E0BDDA7F26CB10CB009C7ED1 /* ViewControllers */,
			);
			path = Controllers;
			sourceTree = "<group>";
		};
		E0BDDA7E26CB10C5009C7ED1 /* Models */ = {
			isa = PBXGroup;
			children = (
				E0BDDA8726CB5B97009C7ED1 /* Calculator.swift */,
			);
			path = Models;
			sourceTree = "<group>";
		};
		E0BDDA7F26CB10CB009C7ED1 /* ViewControllers */ = {
			isa = PBXGroup;
			children = (
				E0BDDA8326CB16AF009C7ED1 /* CalculatorViewController.swift */,
			);
			path = ViewControllers;
			sourceTree = "<group>";
		};
		E0BDDA8126CB10D8009C7ED1 /* Storyboards */ = {
			isa = PBXGroup;
			children = (
				E0BDDA6C26CB109C009C7ED1 /* Main.storyboard */,
				E0BDDA7126CB109E009C7ED1 /* LaunchScreen.storyboard */,
			);
			path = Storyboards;
			sourceTree = "<group>";
		};
/* End PBXGroup section */

/* Begin PBXNativeTarget section */
		E0BDDA6226CB109C009C7ED1 /* Calculator */ = {
			isa = PBXNativeTarget;
			buildConfigurationList = E0BDDA7726CB109E009C7ED1 /* Build configuration list for PBXNativeTarget "Calculator" */;
			buildPhases = (
				E0BDDA5F26CB109C009C7ED1 /* Sources */,
				E0BDDA6026CB109C009C7ED1 /* Frameworks */,
				E0BDDA6126CB109C009C7ED1 /* Resources */,
			);
			buildRules = (
			);
			dependencies = (
			);
			name = Calculator;
			productName = Calculator;
			productReference = E0BDDA6326CB109C009C7ED1 /* Calculator.app */;
			productType = "com.apple.product-type.application";
		};
/* End PBXNativeTarget section */

/* Begin PBXProject section */
		E0BDDA5B26CB109C009C7ED1 /* Project object */ = {
			isa = PBXProject;
			attributes = {
				LastSwiftUpdateCheck = 1250;
				LastUpgradeCheck = 1250;
				TargetAttributes = {
					E0BDDA6226CB109C009C7ED1 = {
						CreatedOnToolsVersion = 12.5.1;
					};
				};
			};
			buildConfigurationList = E0BDDA5E26CB109C009C7ED1 /* Build configuration list for PBXProject "Calculator" */;
			compatibilityVersion = "Xcode 9.3";
			developmentRegion = en;
			hasScannedForEncodings = 0;
			knownRegions = (
				en,
				Base,
			);
			mainGroup = E0BDDA5A26CB109C009C7ED1;
			productRefGroup = E0BDDA6426CB109C009C7ED1 /* Products */;
			projectDirPath = "";
			projectRoot = "";
			targets = (
				E0BDDA6226CB109C009C7ED1 /* Calculator */,
			);
		};
/* End PBXProject section */

/* Begin PBXResourcesBuildPhase section */
		E0BDDA6126CB109C009C7ED1 /* Resources */ = {
			isa = PBXResourcesBuildPhase;
			buildActionMask = 2147483647;
			files = (
				E016D71326D859D7001477CA /* Poppins-SemiBold.ttf in Resources */,
				E016D71226D859CF001477CA /* Poppins-Regular.ttf in Resources */,
				E016D71126D859C7001477CA /* Poppins-Bold.ttf in Resources */,
				E0BDDA7326CB109E009C7ED1 /* LaunchScreen.storyboard in Resources */,
				E0BDDA7026CB109E009C7ED1 /* Assets.xcassets in Resources */,
				E0BDDA6E26CB109C009C7ED1 /* Main.storyboard in Resources */,
			);
			runOnlyForDeploymentPostprocessing = 0;
		};
/* End PBXResourcesBuildPhase section */

/* Begin PBXSourcesBuildPhase section */
		E0BDDA5F26CB109C009C7ED1 /* Sources */ = {
			isa = PBXSourcesBuildPhase;
			buildActionMask = 2147483647;
			files = (
				E0BDDA6726CB109C009C7ED1 /* AppDelegate.swift in Sources */,
				E016D70126D84463001477CA /* CalculatorTextFields.swift in Sources */,
				E016D70326D84748001477CA /* CalculatorLabels.swift in Sources */,
				E016D70526D84A43001477CA /* CalculatorButtons.swift in Sources */,
				E016D70926D84CDC001477CA /* CalculatorSegmentedControl.swift in Sources */,
				E0BDDA6926CB109C009C7ED1 /* SceneDelegate.swift in Sources */,
				E0BDDA8826CB5B97009C7ED1 /* Calculator.swift in Sources */,
				E016D6F726D83002001477CA /* StyleGuide.swift in Sources */,
				E016D70726D84BEE001477CA /* CalculatorColorViews.swift in Sources */,
				E0BDDA8426CB16AF009C7ED1 /* CalculatorViewController.swift in Sources */,
			);
			runOnlyForDeploymentPostprocessing = 0;
		};
/* End PBXSourcesBuildPhase section */

/* Begin PBXVariantGroup section */
		E0BDDA6C26CB109C009C7ED1 /* Main.storyboard */ = {
			isa = PBXVariantGroup;
			children = (
				E0BDDA6D26CB109C009C7ED1 /* Base */,
			);
			name = Main.storyboard;
			sourceTree = "<group>";
		};
		E0BDDA7126CB109E009C7ED1 /* LaunchScreen.storyboard */ = {
			isa = PBXVariantGroup;
			children = (
				E0BDDA7226CB109E009C7ED1 /* Base */,
			);
			name = LaunchScreen.storyboard;
			sourceTree = "<group>";
		};
/* End PBXVariantGroup section */

/* Begin XCBuildConfiguration section */
		E0BDDA7526CB109E009C7ED1 /* Debug */ = {
			isa = XCBuildConfiguration;
			buildSettings = {
				ALWAYS_SEARCH_USER_PATHS = NO;
				CLANG_ANALYZER_NONNULL = YES;
				CLANG_ANALYZER_NUMBER_OBJECT_CONVERSION = YES_AGGRESSIVE;
				CLANG_CXX_LANGUAGE_STANDARD = "gnu++14";
				CLANG_CXX_LIBRARY = "libc++";
				CLANG_ENABLE_MODULES = YES;
				CLANG_ENABLE_OBJC_ARC = YES;
				CLANG_ENABLE_OBJC_WEAK = YES;
				CLANG_WARN_BLOCK_CAPTURE_AUTORELEASING = YES;
				CLANG_WARN_BOOL_CONVERSION = YES;
				CLANG_WARN_COMMA = YES;
				CLANG_WARN_CONSTANT_CONVERSION = YES;
				CLANG_WARN_DEPRECATED_OBJC_IMPLEMENTATIONS = YES;
				CLANG_WARN_DIRECT_OBJC_ISA_USAGE = YES_ERROR;
				CLANG_WARN_DOCUMENTATION_COMMENTS = YES;
				CLANG_WARN_EMPTY_BODY = YES;
				CLANG_WARN_ENUM_CONVERSION = YES;
				CLANG_WARN_INFINITE_RECURSION = YES;
				CLANG_WARN_INT_CONVERSION = YES;
				CLANG_WARN_NON_LITERAL_NULL_CONVERSION = YES;
				CLANG_WARN_OBJC_IMPLICIT_RETAIN_SELF = YES;
				CLANG_WARN_OBJC_LITERAL_CONVERSION = YES;
				CLANG_WARN_OBJC_ROOT_CLASS = YES_ERROR;
				CLANG_WARN_QUOTED_INCLUDE_IN_FRAMEWORK_HEADER = YES;
				CLANG_WARN_RANGE_LOOP_ANALYSIS = YES;
				CLANG_WARN_STRICT_PROTOTYPES = YES;
				CLANG_WARN_SUSPICIOUS_MOVE = YES;
				CLANG_WARN_UNGUARDED_AVAILABILITY = YES_AGGRESSIVE;
				CLANG_WARN_UNREACHABLE_CODE = YES;
				CLANG_WARN__DUPLICATE_METHOD_MATCH = YES;
				COPY_PHASE_STRIP = NO;
				DEBUG_INFORMATION_FORMAT = dwarf;
				ENABLE_STRICT_OBJC_MSGSEND = YES;
				ENABLE_TESTABILITY = YES;
				GCC_C_LANGUAGE_STANDARD = gnu11;
				GCC_DYNAMIC_NO_PIC = NO;
				GCC_NO_COMMON_BLOCKS = YES;
				GCC_OPTIMIZATION_LEVEL = 0;
				GCC_PREPROCESSOR_DEFINITIONS = (
					"DEBUG=1",
					"$(inherited)",
				);
				GCC_WARN_64_TO_32_BIT_CONVERSION = YES;
				GCC_WARN_ABOUT_RETURN_TYPE = YES_ERROR;
				GCC_WARN_UNDECLARED_SELECTOR = YES;
				GCC_WARN_UNINITIALIZED_AUTOS = YES_AGGRESSIVE;
				GCC_WARN_UNUSED_FUNCTION = YES;
				GCC_WARN_UNUSED_VARIABLE = YES;
				IPHONEOS_DEPLOYMENT_TARGET = 14.5;
				MTL_ENABLE_DEBUG_INFO = INCLUDE_SOURCE;
				MTL_FAST_MATH = YES;
				ONLY_ACTIVE_ARCH = YES;
				SDKROOT = iphoneos;
				SWIFT_ACTIVE_COMPILATION_CONDITIONS = DEBUG;
				SWIFT_OPTIMIZATION_LEVEL = "-Onone";
			};
			name = Debug;
		};
		E0BDDA7626CB109E009C7ED1 /* Release */ = {
			isa = XCBuildConfiguration;
			buildSettings = {
				ALWAYS_SEARCH_USER_PATHS = NO;
				CLANG_ANALYZER_NONNULL = YES;
				CLANG_ANALYZER_NUMBER_OBJECT_CONVERSION = YES_AGGRESSIVE;
				CLANG_CXX_LANGUAGE_STANDARD = "gnu++14";
				CLANG_CXX_LIBRARY = "libc++";
				CLANG_ENABLE_MODULES = YES;
				CLANG_ENABLE_OBJC_ARC = YES;
				CLANG_ENABLE_OBJC_WEAK = YES;
				CLANG_WARN_BLOCK_CAPTURE_AUTORELEASING = YES;
				CLANG_WARN_BOOL_CONVERSION = YES;
				CLANG_WARN_COMMA = YES;
				CLANG_WARN_CONSTANT_CONVERSION = YES;
				CLANG_WARN_DEPRECATED_OBJC_IMPLEMENTATIONS = YES;
				CLANG_WARN_DIRECT_OBJC_ISA_USAGE = YES_ERROR;
				CLANG_WARN_DOCUMENTATION_COMMENTS = YES;
				CLANG_WARN_EMPTY_BODY = YES;
				CLANG_WARN_ENUM_CONVERSION = YES;
				CLANG_WARN_INFINITE_RECURSION = YES;
				CLANG_WARN_INT_CONVERSION = YES;
				CLANG_WARN_NON_LITERAL_NULL_CONVERSION = YES;
				CLANG_WARN_OBJC_IMPLICIT_RETAIN_SELF = YES;
				CLANG_WARN_OBJC_LITERAL_CONVERSION = YES;
				CLANG_WARN_OBJC_ROOT_CLASS = YES_ERROR;
				CLANG_WARN_QUOTED_INCLUDE_IN_FRAMEWORK_HEADER = YES;
				CLANG_WARN_RANGE_LOOP_ANALYSIS = YES;
				CLANG_WARN_STRICT_PROTOTYPES = YES;
				CLANG_WARN_SUSPICIOUS_MOVE = YES;
				CLANG_WARN_UNGUARDED_AVAILABILITY = YES_AGGRESSIVE;
				CLANG_WARN_UNREACHABLE_CODE = YES;
				CLANG_WARN__DUPLICATE_METHOD_MATCH = YES;
				COPY_PHASE_STRIP = NO;
				DEBUG_INFORMATION_FORMAT = "dwarf-with-dsym";
				ENABLE_NS_ASSERTIONS = NO;
				ENABLE_STRICT_OBJC_MSGSEND = YES;
				GCC_C_LANGUAGE_STANDARD = gnu11;
				GCC_NO_COMMON_BLOCKS = YES;
				GCC_WARN_64_TO_32_BIT_CONVERSION = YES;
				GCC_WARN_ABOUT_RETURN_TYPE = YES_ERROR;
				GCC_WARN_UNDECLARED_SELECTOR = YES;
				GCC_WARN_UNINITIALIZED_AUTOS = YES_AGGRESSIVE;
				GCC_WARN_UNUSED_FUNCTION = YES;
				GCC_WARN_UNUSED_VARIABLE = YES;
				IPHONEOS_DEPLOYMENT_TARGET = 14.5;
				MTL_ENABLE_DEBUG_INFO = NO;
				MTL_FAST_MATH = YES;
				SDKROOT = iphoneos;
				SWIFT_COMPILATION_MODE = wholemodule;
				SWIFT_OPTIMIZATION_LEVEL = "-O";
				VALIDATE_PRODUCT = YES;
			};
			name = Release;
		};
		E0BDDA7826CB109E009C7ED1 /* Debug */ = {
			isa = XCBuildConfiguration;
			buildSettings = {
				ASSETCATALOG_COMPILER_APPICON_NAME = AppIcon;
				ASSETCATALOG_COMPILER_GLOBAL_ACCENT_COLOR_NAME = AccentColor;
				CODE_SIGN_STYLE = Automatic;
				DEVELOPMENT_TEAM = 3XGZGZGB55;
				INFOPLIST_FILE = Calculator/Resources/Info.plist;
				LD_RUNPATH_SEARCH_PATHS = (
					"$(inherited)",
					"@executable_path/Frameworks",
				);
				PRODUCT_BUNDLE_IDENTIFIER = com.TechNatalie.Calculator;
				PRODUCT_NAME = "$(TARGET_NAME)";
				SWIFT_VERSION = 5.0;
				TARGETED_DEVICE_FAMILY = "1,2";
			};
			name = Debug;
		};
		E0BDDA7926CB109E009C7ED1 /* Release */ = {
			isa = XCBuildConfiguration;
			buildSettings = {
				ASSETCATALOG_COMPILER_APPICON_NAME = AppIcon;
				ASSETCATALOG_COMPILER_GLOBAL_ACCENT_COLOR_NAME = AccentColor;
				CODE_SIGN_STYLE = Automatic;
				DEVELOPMENT_TEAM = 3XGZGZGB55;
				INFOPLIST_FILE = Calculator/Resources/Info.plist;
				LD_RUNPATH_SEARCH_PATHS = (
					"$(inherited)",
					"@executable_path/Frameworks",
				);
				PRODUCT_BUNDLE_IDENTIFIER = com.TechNatalie.Calculator;
				PRODUCT_NAME = "$(TARGET_NAME)";
				SWIFT_VERSION = 5.0;
				TARGETED_DEVICE_FAMILY = "1,2";
			};
			name = Release;
		};
/* End XCBuildConfiguration section */

/* Begin XCConfigurationList section */
		E0BDDA5E26CB109C009C7ED1 /* Build configuration list for PBXProject "Calculator" */ = {
			isa = XCConfigurationList;
			buildConfigurations = (
				E0BDDA7526CB109E009C7ED1 /* Debug */,
				E0BDDA7626CB109E009C7ED1 /* Release */,
			);
			defaultConfigurationIsVisible = 0;
			defaultConfigurationName = Release;
		};
		E0BDDA7726CB109E009C7ED1 /* Build configuration list for PBXNativeTarget "Calculator" */ = {
			isa = XCConfigurationList;
			buildConfigurations = (
				E0BDDA7826CB109E009C7ED1 /* Debug */,
				E0BDDA7926CB109E009C7ED1 /* Release */,
			);
			defaultConfigurationIsVisible = 0;
			defaultConfigurationName = Release;
		};
/* End XCConfigurationList section */
	};
	rootObject = E0BDDA5B26CB109C009C7ED1 /* Project object */;
}
